
Microsoft Visual Studio Solution File, Format Version 12.00
# Visual Studio Version 17
VisualStudioVersion = 17.3.32901.215
MinimumVisualStudioVersion = 10.0.40219.1
Project("{8BC9CEB8-8B4A-11D0-8D11-00A0C91BC942}") = "SFML Painting Tool", "SFML Painting Tool.vcxproj", "{D35AB265-B4C2-422A-8E2D-C5C977FF92AC}"
EndProject
Global
	GlobalSection(SolutionConfigurationPlatforms) = preSolution
		Debug|x64 = Debug|x64
		Debug|x86 = Debug|x86
		Release|x64 = Release|x64
		Release|x86 = Release|x86
	EndGlobalSection
	GlobalSection(ProjectConfigurationPlatforms) = postSolution
		{D35AB265-B4C2-422A-8E2D-C5C977FF92AC}.Debug|x64.ActiveCfg = Debug|x64
		{D35AB265-B4C2-422A-8E2D-C5C977FF92AC}.Debug|x64.Build.0 = Debug|x64
		{D35AB265-B4C2-422A-8E2D-C5C977FF92AC}.Debug|x86.ActiveCfg = Debug|Win32
		{D35AB265-B4C2-422A-8E2D-C5C977FF92AC}.Debug|x86.Build.0 = Debug|Win32
		{D35AB265-B4C2-422A-8E2D-C5C977FF92AC}.Release|x64.ActiveCfg = Release|x64
		{D35AB265-B4C2-422A-8E2D-C5C977FF92AC}.Release|x64.Build.0 = Release|x64
		{D35AB265-B4C2-422A-8E2D-C5C977FF92AC}.Release|x86.ActiveCfg = Release|Win32
		{D35AB265-B4C2-422A-8E2D-C5C977FF92AC}.Release|x86.Build.0 = Release|Win32
	EndGlobalSection
	GlobalSection(SolutionProperties) = preSolution
		HideSolutionNode = FALSE
	EndGlobalSection
	GlobalSection(ExtensibilityGlobals) = postSolution
		SolutionGuid = {5E574D13-1EF7-43F3-8893-3A7829210917}
	EndGlobalSection
EndGlobal
